
Microsoft Visual Studio Solution File, Format Version 12.00
# Visual Studio 15
VisualStudioVersion = 15.0.26730.16
MinimumVisualStudioVersion = 10.0.40219.1
Project("{FAE04EC0-301F-11D3-BF4B-00C04F79EFBC}") = "Overseer", "Overseer\Overseer.csproj", "{CB224EFB-E1A4-4437-8E4F-7A1F100BBB04}"
EndProject
Project("{E24C65DC-7377-472B-9ABA-BC803B73C61A}") = "OverseerUI", "OverseerUI\", "{19CFD920-7A94-43FC-8011-BF64D28B23AD}"
	ProjectSection(WebsiteProperties) = preProject
		TargetFrameworkMoniker = ".NETFramework,Version%3Dv4.0"
		Debug.AspNetCompiler.VirtualPath = "/localhost_53493"
		Debug.AspNetCompiler.PhysicalPath = "OverseerUI\"
		Debug.AspNetCompiler.TargetPath = "PrecompiledWeb\localhost_53493\"
		Debug.AspNetCompiler.Updateable = "true"
		Debug.AspNetCompiler.ForceOverwrite = "true"
		Debug.AspNetCompiler.FixedNames = "false"
		Debug.AspNetCompiler.Debug = "True"
		Release.AspNetCompiler.VirtualPath = "/localhost_53493"
		Release.AspNetCompiler.PhysicalPath = "OverseerUI\"
		Release.AspNetCompiler.TargetPath = "PrecompiledWeb\localhost_53493\"
		Release.AspNetCompiler.Updateable = "true"
		Release.AspNetCompiler.ForceOverwrite = "true"
		Release.AspNetCompiler.FixedNames = "false"
		Release.AspNetCompiler.Debug = "False"
		VWDPort = "53493"
		SlnRelativePath = "OverseerUI\"
	EndProjectSection
EndProject
Global
	GlobalSection(SolutionConfigurationPlatforms) = preSolution
		Debug|Any CPU = Debug|Any CPU
		Release|Any CPU = Release|Any CPU
	EndGlobalSection
	GlobalSection(ProjectConfigurationPlatforms) = postSolution
		{CB224EFB-E1A4-4437-8E4F-7A1F100BBB04}.Debug|Any CPU.ActiveCfg = Debug|Any CPU
		{CB224EFB-E1A4-4437-8E4F-7A1F100BBB04}.Debug|Any CPU.Build.0 = Debug|Any CPU
		{CB224EFB-E1A4-4437-8E4F-7A1F100BBB04}.Release|Any CPU.ActiveCfg = Release|Any CPU
		{CB224EFB-E1A4-4437-8E4F-7A1F100BBB04}.Release|Any CPU.Build.0 = Release|Any CPU
		{19CFD920-7A94-43FC-8011-BF64D28B23AD}.Debug|Any CPU.ActiveCfg = Debug|Any CPU
		{19CFD920-7A94-43FC-8011-BF64D28B23AD}.Debug|Any CPU.Build.0 = Debug|Any CPU
		{19CFD920-7A94-43FC-8011-BF64D28B23AD}.Release|Any CPU.ActiveCfg = Debug|Any CPU
		{19CFD920-7A94-43FC-8011-BF64D28B23AD}.Release|Any CPU.Build.0 = Debug|Any CPU
	EndGlobalSection
	GlobalSection(SolutionProperties) = preSolution
		HideSolutionNode = FALSE
	EndGlobalSection
	GlobalSection(ExtensibilityGlobals) = postSolution
		SolutionGuid = {3D671573-4F92-463B-926F-E5245F1542DD}
	EndGlobalSection
EndGlobal
