
Microsoft Visual Studio Solution File, Format Version 12.00
# Visual Studio Version 17
VisualStudioVersion = 17.7.34024.191
MinimumVisualStudioVersion = 10.0.40219.1
Project("{9A19103F-16F7-4668-BE54-9A1E7A4F7556}") = "Overseer", "Overseer\Overseer.csproj", "{138F8917-33FD-4FAE-9D1F-B728504955B2}"
EndProject
Project("{9A19103F-16F7-4668-BE54-9A1E7A4F7556}") = "Overseer.Server", "Overseer.Server\Overseer.Server.csproj", "{FCC01A3E-37BE-4480-9FD0-A835AA6CEC1F}"
EndProject
Global
	GlobalSection(SolutionConfigurationPlatforms) = preSolution
		Ad-Hoc|Any CPU = Ad-Hoc|Any CPU
		Ad-Hoc|ARM = Ad-Hoc|ARM
		Ad-Hoc|iPhone = Ad-Hoc|iPhone
		Ad-Hoc|iPhoneSimulator = Ad-Hoc|iPhoneSimulator
		Ad-Hoc|x64 = Ad-Hoc|x64
		Ad-Hoc|x86 = Ad-Hoc|x86
		AppStore|Any CPU = AppStore|Any CPU
		AppStore|ARM = AppStore|ARM
		AppStore|iPhone = AppStore|iPhone
		AppStore|iPhoneSimulator = AppStore|iPhoneSimulator
		AppStore|x64 = AppStore|x64
		AppStore|x86 = AppStore|x86
		Debug|Any CPU = Debug|Any CPU
		Debug|ARM = Debug|ARM
		Debug|iPhone = Debug|iPhone
		Debug|iPhoneSimulator = Debug|iPhoneSimulator
		Debug|x64 = Debug|x64
		Debug|x86 = Debug|x86
		Release|Any CPU = Release|Any CPU
		Release|ARM = Release|ARM
		Release|iPhone = Release|iPhone
		Release|iPhoneSimulator = Release|iPhoneSimulator
		Release|x64 = Release|x64
		Release|x86 = Release|x86
	EndGlobalSection
	GlobalSection(ProjectConfigurationPlatforms) = postSolution
		{8B662C10-7463-4FCC-A9B4-73F7220ECC0B}.Ad-Hoc|Any CPU.ActiveCfg = Debug|Any CPU
		{8B662C10-7463-4FCC-A9B4-73F7220ECC0B}.Ad-Hoc|Any CPU.Build.0 = Debug|Any CPU
		{8B662C10-7463-4FCC-A9B4-73F7220ECC0B}.Ad-Hoc|ARM.ActiveCfg = Debug|Any CPU
		{8B662C10-7463-4FCC-A9B4-73F7220ECC0B}.Ad-Hoc|ARM.Build.0 = Debug|Any CPU
		{8B662C10-7463-4FCC-A9B4-73F7220ECC0B}.Ad-Hoc|iPhone.ActiveCfg = Debug|Any CPU
		{8B662C10-7463-4FCC-A9B4-73F7220ECC0B}.Ad-Hoc|iPhone.Build.0 = Debug|Any CPU
		{8B662C10-7463-4FCC-A9B4-73F7220ECC0B}.Ad-Hoc|iPhoneSimulator.ActiveCfg = Debug|Any CPU
		{8B662C10-7463-4FCC-A9B4-73F7220ECC0B}.Ad-Hoc|iPhoneSimulator.Build.0 = Debug|Any CPU
		{8B662C10-7463-4FCC-A9B4-73F7220ECC0B}.Ad-Hoc|x64.ActiveCfg = Debug|Any CPU
		{8B662C10-7463-4FCC-A9B4-73F7220ECC0B}.Ad-Hoc|x64.Build.0 = Debug|Any CPU
		{8B662C10-7463-4FCC-A9B4-73F7220ECC0B}.Ad-Hoc|x86.ActiveCfg = Debug|Any CPU
		{8B662C10-7463-4FCC-A9B4-73F7220ECC0B}.Ad-Hoc|x86.Build.0 = Debug|Any CPU
		{8B662C10-7463-4FCC-A9B4-73F7220ECC0B}.AppStore|Any CPU.ActiveCfg = Debug|Any CPU
		{8B662C10-7463-4FCC-A9B4-73F7220ECC0B}.AppStore|Any CPU.Build.0 = Debug|Any CPU
		{8B662C10-7463-4FCC-A9B4-73F7220ECC0B}.AppStore|ARM.ActiveCfg = Debug|Any CPU
		{8B662C10-7463-4FCC-A9B4-73F7220ECC0B}.AppStore|ARM.Build.0 = Debug|Any CPU
		{8B662C10-7463-4FCC-A9B4-73F7220ECC0B}.AppStore|iPhone.ActiveCfg = Debug|Any CPU
		{8B662C10-7463-4FCC-A9B4-73F7220ECC0B}.AppStore|iPhone.Build.0 = Debug|Any CPU
		{8B662C10-7463-4FCC-A9B4-73F7220ECC0B}.AppStore|iPhoneSimulator.ActiveCfg = Debug|Any CPU
		{8B662C10-7463-4FCC-A9B4-73F7220ECC0B}.AppStore|iPhoneSimulator.Build.0 = Debug|Any CPU
		{8B662C10-7463-4FCC-A9B4-73F7220ECC0B}.AppStore|x64.ActiveCfg = Debug|Any CPU
		{8B662C10-7463-4FCC-A9B4-73F7220ECC0B}.AppStore|x64.Build.0 = Debug|Any CPU
		{8B662C10-7463-4FCC-A9B4-73F7220ECC0B}.AppStore|x86.ActiveCfg = Debug|Any CPU
		{8B662C10-7463-4FCC-A9B4-73F7220ECC0B}.AppStore|x86.Build.0 = Debug|Any CPU
		{8B662C10-7463-4FCC-A9B4-73F7220ECC0B}.Debug|Any CPU.ActiveCfg = Debug|Any CPU
		{8B662C10-7463-4FCC-A9B4-73F7220ECC0B}.Debug|Any CPU.Build.0 = Debug|Any CPU
		{8B662C10-7463-4FCC-A9B4-73F7220ECC0B}.Debug|ARM.ActiveCfg = Debug|Any CPU
		{8B662C10-7463-4FCC-A9B4-73F7220ECC0B}.Debug|ARM.Build.0 = Debug|Any CPU
		{8B662C10-7463-4FCC-A9B4-73F7220ECC0B}.Debug|iPhone.ActiveCfg = Debug|Any CPU
		{8B662C10-7463-4FCC-A9B4-73F7220ECC0B}.Debug|iPhone.Build.0 = Debug|Any CPU
		{8B662C10-7463-4FCC-A9B4-73F7220ECC0B}.Debug|iPhoneSimulator.ActiveCfg = Debug|Any CPU
		{8B662C10-7463-4FCC-A9B4-73F7220ECC0B}.Debug|iPhoneSimulator.Build.0 = Debug|Any CPU
		{8B662C10-7463-4FCC-A9B4-73F7220ECC0B}.Debug|x64.ActiveCfg = Debug|Any CPU
		{8B662C10-7463-4FCC-A9B4-73F7220ECC0B}.Debug|x64.Build.0 = Debug|Any CPU
		{8B662C10-7463-4FCC-A9B4-73F7220ECC0B}.Debug|x86.ActiveCfg = Debug|Any CPU
		{8B662C10-7463-4FCC-A9B4-73F7220ECC0B}.Debug|x86.Build.0 = Debug|Any CPU
		{8B662C10-7463-4FCC-A9B4-73F7220ECC0B}.Release|Any CPU.ActiveCfg = Release|Any CPU
		{8B662C10-7463-4FCC-A9B4-73F7220ECC0B}.Release|Any CPU.Build.0 = Release|Any CPU
		{8B662C10-7463-4FCC-A9B4-73F7220ECC0B}.Release|ARM.ActiveCfg = Release|Any CPU
		{8B662C10-7463-4FCC-A9B4-73F7220ECC0B}.Release|ARM.Build.0 = Release|Any CPU
		{8B662C10-7463-4FCC-A9B4-73F7220ECC0B}.Release|iPhone.ActiveCfg = Release|Any CPU
		{8B662C10-7463-4FCC-A9B4-73F7220ECC0B}.Release|iPhone.Build.0 = Release|Any CPU
		{8B662C10-7463-4FCC-A9B4-73F7220ECC0B}.Release|iPhoneSimulator.ActiveCfg = Release|Any CPU
		{8B662C10-7463-4FCC-A9B4-73F7220ECC0B}.Release|iPhoneSimulator.Build.0 = Release|Any CPU
		{8B662C10-7463-4FCC-A9B4-73F7220ECC0B}.Release|x64.ActiveCfg = Release|Any CPU
		{8B662C10-7463-4FCC-A9B4-73F7220ECC0B}.Release|x64.Build.0 = Release|Any CPU
		{8B662C10-7463-4FCC-A9B4-73F7220ECC0B}.Release|x86.ActiveCfg = Release|Any CPU
		{8B662C10-7463-4FCC-A9B4-73F7220ECC0B}.Release|x86.Build.0 = Release|Any CPU
		{138F8917-33FD-4FAE-9D1F-B728504955B2}.Ad-Hoc|Any CPU.ActiveCfg = Debug|Any CPU
		{138F8917-33FD-4FAE-9D1F-B728504955B2}.Ad-Hoc|Any CPU.Build.0 = Debug|Any CPU
		{138F8917-33FD-4FAE-9D1F-B728504955B2}.Ad-Hoc|ARM.ActiveCfg = Debug|Any CPU
		{138F8917-33FD-4FAE-9D1F-B728504955B2}.Ad-Hoc|ARM.Build.0 = Debug|Any CPU
		{138F8917-33FD-4FAE-9D1F-B728504955B2}.Ad-Hoc|iPhone.ActiveCfg = Debug|Any CPU
		{138F8917-33FD-4FAE-9D1F-B728504955B2}.Ad-Hoc|iPhone.Build.0 = Debug|Any CPU
		{138F8917-33FD-4FAE-9D1F-B728504955B2}.Ad-Hoc|iPhoneSimulator.ActiveCfg = Debug|Any CPU
		{138F8917-33FD-4FAE-9D1F-B728504955B2}.Ad-Hoc|iPhoneSimulator.Build.0 = Debug|Any CPU
		{138F8917-33FD-4FAE-9D1F-B728504955B2}.Ad-Hoc|x64.ActiveCfg = Debug|Any CPU
		{138F8917-33FD-4FAE-9D1F-B728504955B2}.Ad-Hoc|x64.Build.0 = Debug|Any CPU
		{138F8917-33FD-4FAE-9D1F-B728504955B2}.Ad-Hoc|x86.ActiveCfg = Debug|Any CPU
		{138F8917-33FD-4FAE-9D1F-B728504955B2}.Ad-Hoc|x86.Build.0 = Debug|Any CPU
		{138F8917-33FD-4FAE-9D1F-B728504955B2}.AppStore|Any CPU.ActiveCfg = Debug|Any CPU
		{138F8917-33FD-4FAE-9D1F-B728504955B2}.AppStore|Any CPU.Build.0 = Debug|Any CPU
		{138F8917-33FD-4FAE-9D1F-B728504955B2}.AppStore|ARM.ActiveCfg = Debug|Any CPU
		{138F8917-33FD-4FAE-9D1F-B728504955B2}.AppStore|ARM.Build.0 = Debug|Any CPU
		{138F8917-33FD-4FAE-9D1F-B728504955B2}.AppStore|iPhone.ActiveCfg = Debug|Any CPU
		{138F8917-33FD-4FAE-9D1F-B728504955B2}.AppStore|iPhone.Build.0 = Debug|Any CPU
		{138F8917-33FD-4FAE-9D1F-B728504955B2}.AppStore|iPhoneSimulator.ActiveCfg = Debug|Any CPU
		{138F8917-33FD-4FAE-9D1F-B728504955B2}.AppStore|iPhoneSimulator.Build.0 = Debug|Any CPU
		{138F8917-33FD-4FAE-9D1F-B728504955B2}.AppStore|x64.ActiveCfg = Debug|Any CPU
		{138F8917-33FD-4FAE-9D1F-B728504955B2}.AppStore|x64.Build.0 = Debug|Any CPU
		{138F8917-33FD-4FAE-9D1F-B728504955B2}.AppStore|x86.ActiveCfg = Debug|Any CPU
		{138F8917-33FD-4FAE-9D1F-B728504955B2}.AppStore|x86.Build.0 = Debug|Any CPU
		{138F8917-33FD-4FAE-9D1F-B728504955B2}.Debug|Any CPU.ActiveCfg = Debug|Any CPU
		{138F8917-33FD-4FAE-9D1F-B728504955B2}.Debug|Any CPU.Build.0 = Debug|Any CPU
		{138F8917-33FD-4FAE-9D1F-B728504955B2}.Debug|ARM.ActiveCfg = Debug|Any CPU
		{138F8917-33FD-4FAE-9D1F-B728504955B2}.Debug|ARM.Build.0 = Debug|Any CPU
		{138F8917-33FD-4FAE-9D1F-B728504955B2}.Debug|iPhone.ActiveCfg = Debug|Any CPU
		{138F8917-33FD-4FAE-9D1F-B728504955B2}.Debug|iPhone.Build.0 = Debug|Any CPU
		{138F8917-33FD-4FAE-9D1F-B728504955B2}.Debug|iPhoneSimulator.ActiveCfg = Debug|Any CPU
		{138F8917-33FD-4FAE-9D1F-B728504955B2}.Debug|iPhoneSimulator.Build.0 = Debug|Any CPU
		{138F8917-33FD-4FAE-9D1F-B728504955B2}.Debug|x64.ActiveCfg = Debug|Any CPU
		{138F8917-33FD-4FAE-9D1F-B728504955B2}.Debug|x64.Build.0 = Debug|Any CPU
		{138F8917-33FD-4FAE-9D1F-B728504955B2}.Debug|x86.ActiveCfg = Debug|Any CPU
		{138F8917-33FD-4FAE-9D1F-B728504955B2}.Debug|x86.Build.0 = Debug|Any CPU
		{138F8917-33FD-4FAE-9D1F-B728504955B2}.Release|Any CPU.ActiveCfg = Release|Any CPU
		{138F8917-33FD-4FAE-9D1F-B728504955B2}.Release|Any CPU.Build.0 = Release|Any CPU
		{138F8917-33FD-4FAE-9D1F-B728504955B2}.Release|ARM.ActiveCfg = Release|Any CPU
		{138F8917-33FD-4FAE-9D1F-B728504955B2}.Release|ARM.Build.0 = Release|Any CPU
		{138F8917-33FD-4FAE-9D1F-B728504955B2}.Release|iPhone.ActiveCfg = Release|Any CPU
		{138F8917-33FD-4FAE-9D1F-B728504955B2}.Release|iPhone.Build.0 = Release|Any CPU
		{138F8917-33FD-4FAE-9D1F-B728504955B2}.Release|iPhoneSimulator.ActiveCfg = Release|Any CPU
		{138F8917-33FD-4FAE-9D1F-B728504955B2}.Release|iPhoneSimulator.Build.0 = Release|Any CPU
		{138F8917-33FD-4FAE-9D1F-B728504955B2}.Release|x64.ActiveCfg = Release|Any CPU
		{138F8917-33FD-4FAE-9D1F-B728504955B2}.Release|x64.Build.0 = Release|Any CPU
		{138F8917-33FD-4FAE-9D1F-B728504955B2}.Release|x86.ActiveCfg = Release|Any CPU
		{138F8917-33FD-4FAE-9D1F-B728504955B2}.Release|x86.Build.0 = Release|Any CPU
		{FCC01A3E-37BE-4480-9FD0-A835AA6CEC1F}.Ad-Hoc|Any CPU.ActiveCfg = Debug|Any CPU
		{FCC01A3E-37BE-4480-9FD0-A835AA6CEC1F}.Ad-Hoc|Any CPU.Build.0 = Debug|Any CPU
		{FCC01A3E-37BE-4480-9FD0-A835AA6CEC1F}.Ad-Hoc|ARM.ActiveCfg = Debug|Any CPU
		{FCC01A3E-37BE-4480-9FD0-A835AA6CEC1F}.Ad-Hoc|ARM.Build.0 = Debug|Any CPU
		{FCC01A3E-37BE-4480-9FD0-A835AA6CEC1F}.Ad-Hoc|iPhone.ActiveCfg = Debug|Any CPU
		{FCC01A3E-37BE-4480-9FD0-A835AA6CEC1F}.Ad-Hoc|iPhone.Build.0 = Debug|Any CPU
		{FCC01A3E-37BE-4480-9FD0-A835AA6CEC1F}.Ad-Hoc|iPhoneSimulator.ActiveCfg = Debug|Any CPU
		{FCC01A3E-37BE-4480-9FD0-A835AA6CEC1F}.Ad-Hoc|iPhoneSimulator.Build.0 = Debug|Any CPU
		{FCC01A3E-37BE-4480-9FD0-A835AA6CEC1F}.Ad-Hoc|x64.ActiveCfg = Debug|Any CPU
		{FCC01A3E-37BE-4480-9FD0-A835AA6CEC1F}.Ad-Hoc|x64.Build.0 = Debug|Any CPU
		{FCC01A3E-37BE-4480-9FD0-A835AA6CEC1F}.Ad-Hoc|x86.ActiveCfg = Debug|Any CPU
		{FCC01A3E-37BE-4480-9FD0-A835AA6CEC1F}.Ad-Hoc|x86.Build.0 = Debug|Any CPU
		{FCC01A3E-37BE-4480-9FD0-A835AA6CEC1F}.AppStore|Any CPU.ActiveCfg = Debug|Any CPU
		{FCC01A3E-37BE-4480-9FD0-A835AA6CEC1F}.AppStore|Any CPU.Build.0 = Debug|Any CPU
		{FCC01A3E-37BE-4480-9FD0-A835AA6CEC1F}.AppStore|ARM.ActiveCfg = Debug|Any CPU
		{FCC01A3E-37BE-4480-9FD0-A835AA6CEC1F}.AppStore|ARM.Build.0 = Debug|Any CPU
		{FCC01A3E-37BE-4480-9FD0-A835AA6CEC1F}.AppStore|iPhone.ActiveCfg = Debug|Any CPU
		{FCC01A3E-37BE-4480-9FD0-A835AA6CEC1F}.AppStore|iPhone.Build.0 = Debug|Any CPU
		{FCC01A3E-37BE-4480-9FD0-A835AA6CEC1F}.AppStore|iPhoneSimulator.ActiveCfg = Debug|Any CPU
		{FCC01A3E-37BE-4480-9FD0-A835AA6CEC1F}.AppStore|iPhoneSimulator.Build.0 = Debug|Any CPU
		{FCC01A3E-37BE-4480-9FD0-A835AA6CEC1F}.AppStore|x64.ActiveCfg = Debug|Any CPU
		{FCC01A3E-37BE-4480-9FD0-A835AA6CEC1F}.AppStore|x64.Build.0 = Debug|Any CPU
		{FCC01A3E-37BE-4480-9FD0-A835AA6CEC1F}.AppStore|x86.ActiveCfg = Debug|Any CPU
		{FCC01A3E-37BE-4480-9FD0-A835AA6CEC1F}.AppStore|x86.Build.0 = Debug|Any CPU
		{FCC01A3E-37BE-4480-9FD0-A835AA6CEC1F}.Debug|Any CPU.ActiveCfg = Debug|Any CPU
		{FCC01A3E-37BE-4480-9FD0-A835AA6CEC1F}.Debug|Any CPU.Build.0 = Debug|Any CPU
		{FCC01A3E-37BE-4480-9FD0-A835AA6CEC1F}.Debug|ARM.ActiveCfg = Debug|Any CPU
		{FCC01A3E-37BE-4480-9FD0-A835AA6CEC1F}.Debug|ARM.Build.0 = Debug|Any CPU
		{FCC01A3E-37BE-4480-9FD0-A835AA6CEC1F}.Debug|iPhone.ActiveCfg = Debug|Any CPU
		{FCC01A3E-37BE-4480-9FD0-A835AA6CEC1F}.Debug|iPhone.Build.0 = Debug|Any CPU
		{FCC01A3E-37BE-4480-9FD0-A835AA6CEC1F}.Debug|iPhoneSimulator.ActiveCfg = Debug|Any CPU
		{FCC01A3E-37BE-4480-9FD0-A835AA6CEC1F}.Debug|iPhoneSimulator.Build.0 = Debug|Any CPU
		{FCC01A3E-37BE-4480-9FD0-A835AA6CEC1F}.Debug|x64.ActiveCfg = Debug|Any CPU
		{FCC01A3E-37BE-4480-9FD0-A835AA6CEC1F}.Debug|x64.Build.0 = Debug|Any CPU
		{FCC01A3E-37BE-4480-9FD0-A835AA6CEC1F}.Debug|x86.ActiveCfg = Debug|Any CPU
		{FCC01A3E-37BE-4480-9FD0-A835AA6CEC1F}.Debug|x86.Build.0 = Debug|Any CPU
		{FCC01A3E-37BE-4480-9FD0-A835AA6CEC1F}.Release|Any CPU.ActiveCfg = Release|Any CPU
		{FCC01A3E-37BE-4480-9FD0-A835AA6CEC1F}.Release|Any CPU.Build.0 = Release|Any CPU
		{FCC01A3E-37BE-4480-9FD0-A835AA6CEC1F}.Release|ARM.ActiveCfg = Release|Any CPU
		{FCC01A3E-37BE-4480-9FD0-A835AA6CEC1F}.Release|ARM.Build.0 = Release|Any CPU
		{FCC01A3E-37BE-4480-9FD0-A835AA6CEC1F}.Release|iPhone.ActiveCfg = Release|Any CPU
		{FCC01A3E-37BE-4480-9FD0-A835AA6CEC1F}.Release|iPhone.Build.0 = Release|Any CPU
		{FCC01A3E-37BE-4480-9FD0-A835AA6CEC1F}.Release|iPhoneSimulator.ActiveCfg = Release|Any CPU
		{FCC01A3E-37BE-4480-9FD0-A835AA6CEC1F}.Release|iPhoneSimulator.Build.0 = Release|Any CPU
		{FCC01A3E-37BE-4480-9FD0-A835AA6CEC1F}.Release|x64.ActiveCfg = Release|Any CPU
		{FCC01A3E-37BE-4480-9FD0-A835AA6CEC1F}.Release|x64.Build.0 = Release|Any CPU
		{FCC01A3E-37BE-4480-9FD0-A835AA6CEC1F}.Release|x86.ActiveCfg = Release|Any CPU
		{FCC01A3E-37BE-4480-9FD0-A835AA6CEC1F}.Release|x86.Build.0 = Release|Any CPU
	EndGlobalSection
	GlobalSection(SolutionProperties) = preSolution
		HideSolutionNode = FALSE
	EndGlobalSection
	GlobalSection(ExtensibilityGlobals) = postSolution
		SolutionGuid = {8803C79C-4172-4101-8B2E-BDB0835F68C1}
	EndGlobalSection
EndGlobal
